
Microsoft Visual Studio Solution File, Format Version 11.00
# Visual Studio 2010
Project("{FAE04EC0-301F-11D3-BF4B-00C04F79EFBC}") = "Assembly-CSharp", "Assembly-CSharp.csproj", "{C0B89FD6-4CBB-6EEC-12E3-CD56A9085889}"
EndProject
Project("{FAE04EC0-301F-11D3-BF4B-00C04F79EFBC}") = "Assembly-CSharp-Editor", "Assembly-CSharp-Editor.csproj", "{FAB45580-FA23-E2FF-08EA-D8A2BE7B388A}"
EndProject
Global
	GlobalSection(SolutionConfigurationPlatforms) = preSolution
		Debug|Any CPU = Debug|Any CPU
		Release|Any CPU = Release|Any CPU
	EndGlobalSection
	GlobalSection(ProjectConfigurationPlatforms) = postSolution
		{C0B89FD6-4CBB-6EEC-12E3-CD56A9085889}.Debug|Any CPU.ActiveCfg = Debug|Any CPU
		{C0B89FD6-4CBB-6EEC-12E3-CD56A9085889}.Debug|Any CPU.Build.0 = Debug|Any CPU
		{C0B89FD6-4CBB-6EEC-12E3-CD56A9085889}.Release|Any CPU.ActiveCfg = Release|Any CPU
		{C0B89FD6-4CBB-6EEC-12E3-CD56A9085889}.Release|Any CPU.Build.0 = Release|Any CPU
		{FAB45580-FA23-E2FF-08EA-D8A2BE7B388A}.Debug|Any CPU.ActiveCfg = Debug|Any CPU
		{FAB45580-FA23-E2FF-08EA-D8A2BE7B388A}.Debug|Any CPU.Build.0 = Debug|Any CPU
		{FAB45580-FA23-E2FF-08EA-D8A2BE7B388A}.Release|Any CPU.ActiveCfg = Release|Any CPU
		{FAB45580-FA23-E2FF-08EA-D8A2BE7B388A}.Release|Any CPU.Build.0 = Release|Any CPU
	EndGlobalSection
	GlobalSection(SolutionProperties) = preSolution
		HideSolutionNode = FALSE
	EndGlobalSection
EndGlobal
